lockfileVersion: '6.0'

settings:
  autoInstallPeers: true
  excludeLinksFromLockfile: false

importers:

  .:
    dependencies:
      '@muddyrain-vue/components':
        specifier: workspace:^
        version: link:packages/components
      '@muddyrain-vue/theme-chalk':
        specifier: workspace:^
        version: link:packages/theme-chalk
      '@muddyrain-vue/utils':
        specifier: workspace:^
        version: link:packages/utils
      vue:
        specifier: ^3.4.8
        version: 3.4.8(typescript@5.3.3)
    devDependencies:
      typescript:
        specifier: ^5.3.3
        version: 5.3.3

  packages/components: {}

  packages/theme-chalk: {}

  packages/utils: {}

packages:

  /@babel/helper-string-parser@7.23.4:
    resolution: {integrity: sha512-803gmbQdqwdf4olxrX4AJyFBV/RTr3rSmOj0rKwesmzlfhYNDEs+/iOcznzpNWlJlIlTJC2QfPFcHB6DlzdVLQ==}
    engines: {node: '>=6.9.0'}
    dev: false

  /@babel/helper-validator-identifier@7.22.20:
    resolution: {integrity: sha512-Y4OZ+ytlatR8AI+8KZfKuL5urKp7qey08ha31L8b3BwewJAoJamTzyvxPR/5D+KkdJCGPq/+8TukHBlY10FX9A==}
    engines: {node: '>=6.9.0'}
    dev: false

  /@babel/parser@7.23.6:
    resolution: {integrity: sha512-Z2uID7YJ7oNvAI20O9X0bblw7Qqs8Q2hFy0R9tAfnfLkp5MW0UH9eUvnDSnFwKZ0AvgS1ucqR4KzvVHgnke1VQ==}
    engines: {node: '>=6.0.0'}
    hasBin: true
    dependencies:
      '@babel/types': 7.23.6
    dev: false

  /@babel/types@7.23.6:
    resolution: {integrity: sha512-+uarb83brBzPKN38NX1MkB6vb6+mwvR6amUulqAE7ccQw1pEl+bCia9TbdG1lsnFP7lZySvUn37CHyXQdfTwzg==}
    engines: {node: '>=6.9.0'}
    dependencies:
      '@babel/helper-string-parser': 7.23.4
      '@babel/helper-validator-identifier': 7.22.20
      to-fast-properties: 2.0.0
    dev: false

  /@jridgewell/sourcemap-codec@1.4.15:
    resolution: {integrity: sha512-eF2rxCRulEKXHTRiDrDy6erMYWqNw4LPdQ8UQA4huuxaQsVeRPFl2oM8oDGxMFhJUWZf9McpLtJasDDZb/Bpeg==}
    dev: false

  /@vue/compiler-core@3.4.8:
    resolution: {integrity: sha512-GjAwOydZV6UyVBi1lYW5v4jjfU6wOeyi3vBATKJOwV7muYF0/nZi4kfdJc0pwdT5lXwbbx57lyA2Y356rFpw1A==}
    dependencies:
      '@babel/parser': 7.23.6
      '@vue/shared': 3.4.8
      entities: 4.5.0
      estree-walker: 2.0.2
      source-map-js: 1.0.2
    dev: false

  /@vue/compiler-dom@3.4.8:
    resolution: {integrity: sha512-GsPyji42zmkSJlaDFKXvwB97ukTlHzlFH/iVzPFYz/APnSzuhu/CMFQbsYmrtsnc2yscF39eC4rKzvKR27aBug==}
    dependencies:
      '@vue/compiler-core': 3.4.8
      '@vue/shared': 3.4.8
    dev: false

  /@vue/compiler-sfc@3.4.8:
    resolution: {integrity: sha512-3ZcurOa6bQdZ6VZLtMqYSUZqpsMqfX0MC3oCxQG0VIJFCqouZAgRYJN1c8QvGs7HW5wW8aXVvUOQU0ILVlYHKA==}
    dependencies:
      '@babel/parser': 7.23.6
      '@vue/compiler-core': 3.4.8
      '@vue/compiler-dom': 3.4.8
      '@vue/compiler-ssr': 3.4.8
      '@vue/shared': 3.4.8
      estree-walker: 2.0.2
      magic-string: 0.30.5
      postcss: 8.4.33
      source-map-js: 1.0.2
    dev: false

  /@vue/compiler-ssr@3.4.8:
    resolution: {integrity: sha512-nxN79LHeAemhBpIa2PQ6rz57cW7W4C/XIJCOMSn2g49u6q2ekirmJI0osAOTErQPApOR0KwP2QyeTexX4zQCrw==}
    dependencies:
      '@vue/compiler-dom': 3.4.8
      '@vue/shared': 3.4.8
    dev: false

  /@vue/reactivity@3.4.8:
    resolution: {integrity: sha512-UJYMQ3S2rqIGw9IvKomD4Xw2uS5VlcKEEmwcfboGOdrI79oqebxnCgTvXWLMClvg3M5SF0Cyn+9eDQoyGMLu9Q==}
    dependencies:
      '@vue/shared': 3.4.8
    dev: false

  /@vue/runtime-core@3.4.8:
    resolution: {integrity: sha512-sMRXOy89KnwY6fWG5epgPOsCWzpo/64FrA0QkjIeNeGnoA2YyZ6bBUxpFUyqhJ8VbrDhXEFH+6LHMOYrpzX/ZQ==}
    dependencies:
      '@vue/reactivity': 3.4.8
      '@vue/shared': 3.4.8
    dev: false

  /@vue/runtime-dom@3.4.8:
    resolution: {integrity: sha512-L4gZcYo8f3d7rQqQIHkPvyczkjjQ55cJqz2G0v6Ptmqa1mO2zkqN9F8lBT6aGPYy3hd0RDiINbs4jxhSvvy10Q==}
    dependencies:
      '@vue/runtime-core': 3.4.8
      '@vue/shared': 3.4.8
      csstype: 3.1.3
    dev: false

  /@vue/server-renderer@3.4.8(vue@3.4.8):
    resolution: {integrity: sha512-pBeHM59Owevr3P0Fl1XOjBmq4DTy5JDcjMG4NuzJEVDlZYzY8fHybx0wdjkY5lK5mCtUyBtw6Mz4d87aosc1Sw==}
    peerDependencies:
      vue: 3.4.8
    dependencies:
      '@vue/compiler-ssr': 3.4.8
      '@vue/shared': 3.4.8
      vue: 3.4.8(typescript@5.3.3)
    dev: false

  /@vue/shared@3.4.8:
    resolution: {integrity: sha512-ChLCWzXiJboQ009oVkemhEoUdrxHme7v3ip+Kh+/kDDeF1WtHWGt0knRLGm1Y4YqCRTSs9QxsZIY8paJj5Szrw==}
    dev: false

  /csstype@3.1.3:
    resolution: {integrity: sha512-M1uQkMl8rQK/szD0LNhtqxIPLpimGm8sOBwU7lLnCpSbTyY3yeU1Vc7l4KT5zT4s/yOxHH5O7tIuuLOCnLADRw==}
    dev: false

  /entities@4.5.0:
    resolution: {integrity: sha512-V0hjH4dGPh9Ao5p0MoRY6BVqtwCjhz6vI5LT8AJ55H+4g9/4vbHx1I54fS0XuclLhDHArPQCiMjDxjaL8fPxhw==}
    engines: {node: '>=0.12'}
    dev: false

  /estree-walker@2.0.2:
    resolution: {integrity: sha512-Rfkk/Mp/DL7JVje3u18FxFujQlTNR2q6QfMSMB7AvCBx91NGj/ba3kCfza0f6dVDbw7YlRf/nDrn7pQrCCyQ/w==}
    dev: false

  /magic-string@0.30.5:
    resolution: {integrity: sha512-7xlpfBaQaP/T6Vh8MO/EqXSW5En6INHEvEXQiuff7Gku0PWjU3uf6w/j9o7O+SpB5fOAkrI5HeoNgwjEO0pFsA==}
    engines: {node: '>=12'}
    dependencies:
      '@jridgewell/sourcemap-codec': 1.4.15
    dev: false

  /nanoid@3.3.7:
    resolution: {integrity: sha512-eSRppjcPIatRIMC1U6UngP8XFcz8MQWGQdt1MTBQ7NaAmvXDfvNxbvWV3x2y6CdEUciCSsDHDQZbhYaB8QEo2g==}
    engines: {node: ^10 || ^12 || ^13.7 || ^14 || >=15.0.1}
    hasBin: true
    dev: false

  /picocolors@1.0.0:
    resolution: {integrity: sha512-1fygroTLlHu66zi26VoTDv8yRgm0Fccecssto+MhsZ0D/DGW2sm8E8AjW7NU5VVTRt5GxbeZ5qBuJr+HyLYkjQ==}
    dev: false

  /postcss@8.4.33:
    resolution: {integrity: sha512-Kkpbhhdjw2qQs2O2DGX+8m5OVqEcbB9HRBvuYM9pgrjEFUg30A9LmXNlTAUj4S9kgtGyrMbTzVjH7E+s5Re2yg==}
    engines: {node: ^10 || ^12 || >=14}
    dependencies:
      nanoid: 3.3.7
      picocolors: 1.0.0
      source-map-js: 1.0.2
    dev: false

  /source-map-js@1.0.2:
    resolution: {integrity: sha512-R0XvVJ9WusLiqTCEiGCmICCMplcCkIwwR11mOSD9CR5u+IXYdiseeEuXCVAjS54zqwkLcPNnmU4OeJ6tUrWhDw==}
    engines: {node: '>=0.10.0'}
    dev: false

  /to-fast-properties@2.0.0:
    resolution: {integrity: sha512-/OaKK0xYrs3DmxRYqL/yDc+FxFUVYhDlXMhRmv3z915w2HF1tnN1omB354j8VUGO/hbRzyD6Y3sA7v7GS/ceog==}
    engines: {node: '>=4'}
    dev: false

  /typescript@5.3.3:
    resolution: {integrity: sha512-pXWcraxM0uxAS+tN0AG/BF2TyqmHO014Z070UsJ+pFvYuRSq8KH8DmWpnbXe0pEPDHXZV3FcAbJkijJ5oNEnWw==}
    engines: {node: '>=14.17'}
    hasBin: true

  /vue@3.4.8(typescript@5.3.3):
    resolution: {integrity: sha512-vJffFOe6DqWsAI10v3tDhb1nJrj7CF3CbdQwOznywAsFNoyvrQ1AWQdcIWJpmRpRnw7NFzstzh6fh4w7n1PNdg==}
    peerDependencies:
      typescript: '*'
    peerDependenciesMeta:
      typescript:
        optional: true
    dependencies:
      '@vue/compiler-dom': 3.4.8
      '@vue/compiler-sfc': 3.4.8
      '@vue/runtime-dom': 3.4.8
      '@vue/server-renderer': 3.4.8(vue@3.4.8)
      '@vue/shared': 3.4.8
      typescript: 5.3.3
    dev: false
